
Microsoft Visual Studio Solution File, Format Version 12.00
# Visual Studio Version 17
VisualStudioVersion = 17.4.33110.190
MinimumVisualStudioVersion = 10.0.40219.1
Project("{FAE04EC0-301F-11D3-BF4B-00C04F79EFBC}") = "Avamed", "Avamed\Avamed.csproj", "{9E6D25EC-B7FB-45D4-8EC6-CB32AF5BDD37}"
EndProject
Global
	GlobalSection(SolutionConfigurationPlatforms) = preSolution
		Debug|Any CPU = Debug|Any CPU
		Release|Any CPU = Release|Any CPU
	EndGlobalSection
	GlobalSection(ProjectConfigurationPlatforms) = postSolution
		{9E6D25EC-B7FB-45D4-8EC6-CB32AF5BDD37}.Debug|Any CPU.ActiveCfg = Debug|Any CPU
		{9E6D25EC-B7FB-45D4-8EC6-CB32AF5BDD37}.Debug|Any CPU.Build.0 = Debug|Any CPU
		{9E6D25EC-B7FB-45D4-8EC6-CB32AF5BDD37}.Release|Any CPU.ActiveCfg = Release|Any CPU
		{9E6D25EC-B7FB-45D4-8EC6-CB32AF5BDD37}.Release|Any CPU.Build.0 = Release|Any CPU
	EndGlobalSection
	GlobalSection(SolutionProperties) = preSolution
		HideSolutionNode = FALSE
	EndGlobalSection
	GlobalSection(ExtensibilityGlobals) = postSolution
		SolutionGuid = {3773607A-9D52-4C72-A2B5-8C5E7E4D3A29}
	EndGlobalSection
EndGlobal
